{
    "name": "rudder-integration-appcenter-cordova",
    "version": "1.0.0",
    "lockfileVersion": 2,
    "requires": true,
    "packages": {
        "": {
            "name": "rudder-integration-appcenter-cordova",
            "version": "1.0.0",
            "license": "MIT",
            "engines": {
                "cordovaDependencies": {
                    "1.0.0": {
                        "=cordova-android": ">8.0.0",
                        "cordova-ios": ">5.0.0"
                    }
                }
            }
        }
    }
}
